
Microsoft Visual Studio Solution File, Format Version 12.00
Project("{FAE04EC0-301F-11D3-BF4B-00C04F79EFBC}") = "FinanceTracker.App", "FinanceTracker.App\FinanceTracker.App.csproj", "{A8FBBB3F-70D4-4D67-8385-D18089CBCD01}"
EndProject
Project("{2150E333-8FDC-42A3-9474-1A3956D46DE8}") = "src", "src", "{F24A3D1C-C693-4E28-999A-23DB0634B6A9}"
EndProject
Project("{2150E333-8FDC-42A3-9474-1A3956D46DE8}") = "tests", "tests", "{787D9810-8B49-4786-B9B0-0A92DCE78AE8}"
EndProject
Project("{FAE04EC0-301F-11D3-BF4B-00C04F79EFBC}") = "FinanceTracker.App.Tests", "FinanceTracker.App.Tests\FinanceTracker.App.Tests.csproj", "{B06651AE-755A-4D3E-B0A5-1AA35521B90C}"
EndProject
Project("{2150E333-8FDC-42A3-9474-1A3956D46DE8}") = "Modules", "Modules", "{493F40FB-C1A7-4F85-B633-2E1E19808AC1}"
EndProject
Project("{2150E333-8FDC-42A3-9474-1A3956D46DE8}") = "Framework", "Framework", "{A4B33BAA-1783-4C80-A7D3-1ABAF364C47E}"
EndProject
Project("{2150E333-8FDC-42A3-9474-1A3956D46DE8}") = "Auth", "Auth", "{399C97CF-18B3-493E-A4C6-95A85399FA8C}"
EndProject
Project("{2150E333-8FDC-42A3-9474-1A3956D46DE8}") = "Users", "Users", "{4F8EB2E7-64F8-4227-AABA-3D01A15D40E7}"
EndProject
Project("{2150E333-8FDC-42A3-9474-1A3956D46DE8}") = "Accounts", "Accounts", "{1DE0754A-F4E8-4B6E-ABBB-BF438F418175}"
EndProject
Project("{2150E333-8FDC-42A3-9474-1A3956D46DE8}") = "Categories", "Categories", "{54F92866-FF56-4D98-A643-CC177F526720}"
EndProject
Project("{2150E333-8FDC-42A3-9474-1A3956D46DE8}") = "Catalogs", "Catalogs", "{555FE770-1937-43F2-A638-8D31F1A028DF}"
EndProject
Project("{2150E333-8FDC-42A3-9474-1A3956D46DE8}") = "Transactions", "Transactions", "{131F16AC-C814-4036-920D-ABD3D64593D0}"
EndProject
Project("{FAE04EC0-301F-11D3-BF4B-00C04F79EFBC}") = "FinanceTracker.App.Users.Domain", "FinanceTracker.App.Users.Domain\FinanceTracker.App.Users.Domain.csproj", "{A15F72C7-3E38-4421-8A76-31ACDC3199F9}"
EndProject
Project("{FAE04EC0-301F-11D3-BF4B-00C04F79EFBC}") = "FinanceTracker.App.Auth.Domain", "FinanceTracker.App.Auth.Domain\FinanceTracker.App.Auth.Domain.csproj", "{2493E9FE-C218-4AF6-B3C5-B145036B1A66}"
EndProject
Project("{FAE04EC0-301F-11D3-BF4B-00C04F79EFBC}") = "FinanceTracker.App.Accounts.Domain", "FinanceTracker.App.Accounts.Domain\FinanceTracker.App.Accounts.Domain.csproj", "{48D3C121-5B45-4093-9FE9-C039E895AD6F}"
EndProject
Project("{FAE04EC0-301F-11D3-BF4B-00C04F79EFBC}") = "FinanceTracker.App.Catalogs.Domain", "FinanceTracker.App.Catalogs.Domain\FinanceTracker.App.Catalogs.Domain.csproj", "{17DDCD24-723E-4F75-85CD-BC3887986211}"
EndProject
Project("{FAE04EC0-301F-11D3-BF4B-00C04F79EFBC}") = "FinanceTracker.App.Categories.Domain", "FinanceTracker.App.Categories.Domain\FinanceTracker.App.Categories.Domain.csproj", "{D354C426-6B99-4E9F-ACEC-70336C1A18E6}"
EndProject
Project("{FAE04EC0-301F-11D3-BF4B-00C04F79EFBC}") = "FinanceTracker.App.Transactions.Domain", "FinanceTracker.App.Transactions.Domain\FinanceTracker.App.Transactions.Domain.csproj", "{4384E20E-2D72-465B-BFDD-E7AE5463929C}"
EndProject
Global
	GlobalSection(SolutionConfigurationPlatforms) = preSolution
		Debug|Any CPU = Debug|Any CPU
		Release|Any CPU = Release|Any CPU
	EndGlobalSection
	GlobalSection(ProjectConfigurationPlatforms) = postSolution
		{A8FBBB3F-70D4-4D67-8385-D18089CBCD01}.Debug|Any CPU.ActiveCfg = Debug|Any CPU
		{A8FBBB3F-70D4-4D67-8385-D18089CBCD01}.Debug|Any CPU.Build.0 = Debug|Any CPU
		{A8FBBB3F-70D4-4D67-8385-D18089CBCD01}.Release|Any CPU.ActiveCfg = Release|Any CPU
		{A8FBBB3F-70D4-4D67-8385-D18089CBCD01}.Release|Any CPU.Build.0 = Release|Any CPU
		{B06651AE-755A-4D3E-B0A5-1AA35521B90C}.Debug|Any CPU.ActiveCfg = Debug|Any CPU
		{B06651AE-755A-4D3E-B0A5-1AA35521B90C}.Debug|Any CPU.Build.0 = Debug|Any CPU
		{B06651AE-755A-4D3E-B0A5-1AA35521B90C}.Release|Any CPU.ActiveCfg = Release|Any CPU
		{B06651AE-755A-4D3E-B0A5-1AA35521B90C}.Release|Any CPU.Build.0 = Release|Any CPU
		{A15F72C7-3E38-4421-8A76-31ACDC3199F9}.Debug|Any CPU.ActiveCfg = Debug|Any CPU
		{A15F72C7-3E38-4421-8A76-31ACDC3199F9}.Debug|Any CPU.Build.0 = Debug|Any CPU
		{A15F72C7-3E38-4421-8A76-31ACDC3199F9}.Release|Any CPU.ActiveCfg = Release|Any CPU
		{A15F72C7-3E38-4421-8A76-31ACDC3199F9}.Release|Any CPU.Build.0 = Release|Any CPU
		{2493E9FE-C218-4AF6-B3C5-B145036B1A66}.Debug|Any CPU.ActiveCfg = Debug|Any CPU
		{2493E9FE-C218-4AF6-B3C5-B145036B1A66}.Debug|Any CPU.Build.0 = Debug|Any CPU
		{2493E9FE-C218-4AF6-B3C5-B145036B1A66}.Release|Any CPU.ActiveCfg = Release|Any CPU
		{2493E9FE-C218-4AF6-B3C5-B145036B1A66}.Release|Any CPU.Build.0 = Release|Any CPU
		{48D3C121-5B45-4093-9FE9-C039E895AD6F}.Debug|Any CPU.ActiveCfg = Debug|Any CPU
		{48D3C121-5B45-4093-9FE9-C039E895AD6F}.Debug|Any CPU.Build.0 = Debug|Any CPU
		{48D3C121-5B45-4093-9FE9-C039E895AD6F}.Release|Any CPU.ActiveCfg = Release|Any CPU
		{48D3C121-5B45-4093-9FE9-C039E895AD6F}.Release|Any CPU.Build.0 = Release|Any CPU
		{17DDCD24-723E-4F75-85CD-BC3887986211}.Debug|Any CPU.ActiveCfg = Debug|Any CPU
		{17DDCD24-723E-4F75-85CD-BC3887986211}.Debug|Any CPU.Build.0 = Debug|Any CPU
		{17DDCD24-723E-4F75-85CD-BC3887986211}.Release|Any CPU.ActiveCfg = Release|Any CPU
		{17DDCD24-723E-4F75-85CD-BC3887986211}.Release|Any CPU.Build.0 = Release|Any CPU
		{D354C426-6B99-4E9F-ACEC-70336C1A18E6}.Debug|Any CPU.ActiveCfg = Debug|Any CPU
		{D354C426-6B99-4E9F-ACEC-70336C1A18E6}.Debug|Any CPU.Build.0 = Debug|Any CPU
		{D354C426-6B99-4E9F-ACEC-70336C1A18E6}.Release|Any CPU.ActiveCfg = Release|Any CPU
		{D354C426-6B99-4E9F-ACEC-70336C1A18E6}.Release|Any CPU.Build.0 = Release|Any CPU
		{4384E20E-2D72-465B-BFDD-E7AE5463929C}.Debug|Any CPU.ActiveCfg = Debug|Any CPU
		{4384E20E-2D72-465B-BFDD-E7AE5463929C}.Debug|Any CPU.Build.0 = Debug|Any CPU
		{4384E20E-2D72-465B-BFDD-E7AE5463929C}.Release|Any CPU.ActiveCfg = Release|Any CPU
		{4384E20E-2D72-465B-BFDD-E7AE5463929C}.Release|Any CPU.Build.0 = Release|Any CPU
	EndGlobalSection
	GlobalSection(NestedProjects) = preSolution
		{A8FBBB3F-70D4-4D67-8385-D18089CBCD01} = {F24A3D1C-C693-4E28-999A-23DB0634B6A9}
		{B06651AE-755A-4D3E-B0A5-1AA35521B90C} = {787D9810-8B49-4786-B9B0-0A92DCE78AE8}
		{493F40FB-C1A7-4F85-B633-2E1E19808AC1} = {F24A3D1C-C693-4E28-999A-23DB0634B6A9}
		{A4B33BAA-1783-4C80-A7D3-1ABAF364C47E} = {F24A3D1C-C693-4E28-999A-23DB0634B6A9}
		{399C97CF-18B3-493E-A4C6-95A85399FA8C} = {493F40FB-C1A7-4F85-B633-2E1E19808AC1}
		{4F8EB2E7-64F8-4227-AABA-3D01A15D40E7} = {493F40FB-C1A7-4F85-B633-2E1E19808AC1}
		{1DE0754A-F4E8-4B6E-ABBB-BF438F418175} = {493F40FB-C1A7-4F85-B633-2E1E19808AC1}
		{54F92866-FF56-4D98-A643-CC177F526720} = {493F40FB-C1A7-4F85-B633-2E1E19808AC1}
		{555FE770-1937-43F2-A638-8D31F1A028DF} = {493F40FB-C1A7-4F85-B633-2E1E19808AC1}
		{131F16AC-C814-4036-920D-ABD3D64593D0} = {493F40FB-C1A7-4F85-B633-2E1E19808AC1}
		{A15F72C7-3E38-4421-8A76-31ACDC3199F9} = {4F8EB2E7-64F8-4227-AABA-3D01A15D40E7}
		{2493E9FE-C218-4AF6-B3C5-B145036B1A66} = {399C97CF-18B3-493E-A4C6-95A85399FA8C}
		{48D3C121-5B45-4093-9FE9-C039E895AD6F} = {1DE0754A-F4E8-4B6E-ABBB-BF438F418175}
		{17DDCD24-723E-4F75-85CD-BC3887986211} = {555FE770-1937-43F2-A638-8D31F1A028DF}
		{D354C426-6B99-4E9F-ACEC-70336C1A18E6} = {54F92866-FF56-4D98-A643-CC177F526720}
		{4384E20E-2D72-465B-BFDD-E7AE5463929C} = {131F16AC-C814-4036-920D-ABD3D64593D0}
	EndGlobalSection
EndGlobal
