
Microsoft Visual Studio Solution File, Format Version 12.00
Project("{FAE04EC0-301F-11D3-BF4B-00C04F79EFBC}") = "FinanceTracker.App", "src\FinanceTracker.App\FinanceTracker.App.csproj", "{1D0A35DB-2985-4F80-B8D6-D5AFA10F04A7}"
EndProject
Project("{2150E333-8FDC-42A3-9474-1A3956D46DE8}") = "src", "src", "{362DD0DB-E6AE-4A6A-B799-CA1CEF2C4919}"
EndProject
Project("{2150E333-8FDC-42A3-9474-1A3956D46DE8}") = "Modules", "Modules", "{C53FFC94-F50D-4757-B71A-50981F99DC3B}"
EndProject
Project("{FAE04EC0-301F-11D3-BF4B-00C04F79EFBC}") = "FinanceTracker.App.Accounts.Domain", "src\FinanceTracker.App.Accounts.Domain\FinanceTracker.App.Accounts.Domain.csproj", "{2DA1BFA2-AF47-4E04-AEA8-1B3AA3E4D06A}"
EndProject
Project("{FAE04EC0-301F-11D3-BF4B-00C04F79EFBC}") = "FinanceTracker.App.Auth.Domain", "src\FinanceTracker.App.Auth.Domain\FinanceTracker.App.Auth.Domain.csproj", "{F1238DE5-10E7-4848-BC1D-EBD6C96C9546}"
EndProject
Project("{FAE04EC0-301F-11D3-BF4B-00C04F79EFBC}") = "FinanceTracker.App.Catalogs.Domain", "src\FinanceTracker.App.Catalogs.Domain\FinanceTracker.App.Catalogs.Domain.csproj", "{5FA21008-0B11-4F2A-B156-7FC2DAB39567}"
EndProject
Project("{FAE04EC0-301F-11D3-BF4B-00C04F79EFBC}") = "FinanceTracker.App.Categories.Domain", "src\FinanceTracker.App.Categories.Domain\FinanceTracker.App.Categories.Domain.csproj", "{4F6785D5-A37B-47E5-AFF3-9AE537AC571A}"
EndProject
Project("{FAE04EC0-301F-11D3-BF4B-00C04F79EFBC}") = "FinanceTracker.App.Transactions.Domain", "src\FinanceTracker.App.Transactions.Domain\FinanceTracker.App.Transactions.Domain.csproj", "{5E7BEB6B-CF2C-471D-BB8E-22BBB249A371}"
EndProject
Project("{FAE04EC0-301F-11D3-BF4B-00C04F79EFBC}") = "FinanceTracker.App.Users.Domain", "src\FinanceTracker.App.Users.Domain\FinanceTracker.App.Users.Domain.csproj", "{A883E6C0-AC64-4C4C-B92C-49D4EC986988}"
EndProject
Project("{2150E333-8FDC-42A3-9474-1A3956D46DE8}") = "tests", "tests", "{B72A7830-1ED4-4608-BEE9-C24404D5E10C}"
EndProject
Project("{FAE04EC0-301F-11D3-BF4B-00C04F79EFBC}") = "FinanceTracker.App.Tests", "tests\FinanceTracker.App.Tests\FinanceTracker.App.Tests.csproj", "{DAA43E3B-A402-4995-82D5-114A914E767B}"
EndProject
Global
	GlobalSection(SolutionConfigurationPlatforms) = preSolution
		Debug|Any CPU = Debug|Any CPU
		Release|Any CPU = Release|Any CPU
	EndGlobalSection
	GlobalSection(ProjectConfigurationPlatforms) = postSolution
		{1D0A35DB-2985-4F80-B8D6-D5AFA10F04A7}.Debug|Any CPU.ActiveCfg = Debug|Any CPU
		{1D0A35DB-2985-4F80-B8D6-D5AFA10F04A7}.Debug|Any CPU.Build.0 = Debug|Any CPU
		{1D0A35DB-2985-4F80-B8D6-D5AFA10F04A7}.Release|Any CPU.ActiveCfg = Release|Any CPU
		{1D0A35DB-2985-4F80-B8D6-D5AFA10F04A7}.Release|Any CPU.Build.0 = Release|Any CPU
		{2DA1BFA2-AF47-4E04-AEA8-1B3AA3E4D06A}.Debug|Any CPU.ActiveCfg = Debug|Any CPU
		{2DA1BFA2-AF47-4E04-AEA8-1B3AA3E4D06A}.Debug|Any CPU.Build.0 = Debug|Any CPU
		{2DA1BFA2-AF47-4E04-AEA8-1B3AA3E4D06A}.Release|Any CPU.ActiveCfg = Release|Any CPU
		{2DA1BFA2-AF47-4E04-AEA8-1B3AA3E4D06A}.Release|Any CPU.Build.0 = Release|Any CPU
		{F1238DE5-10E7-4848-BC1D-EBD6C96C9546}.Debug|Any CPU.ActiveCfg = Debug|Any CPU
		{F1238DE5-10E7-4848-BC1D-EBD6C96C9546}.Debug|Any CPU.Build.0 = Debug|Any CPU
		{F1238DE5-10E7-4848-BC1D-EBD6C96C9546}.Release|Any CPU.ActiveCfg = Release|Any CPU
		{F1238DE5-10E7-4848-BC1D-EBD6C96C9546}.Release|Any CPU.Build.0 = Release|Any CPU
		{5FA21008-0B11-4F2A-B156-7FC2DAB39567}.Debug|Any CPU.ActiveCfg = Debug|Any CPU
		{5FA21008-0B11-4F2A-B156-7FC2DAB39567}.Debug|Any CPU.Build.0 = Debug|Any CPU
		{5FA21008-0B11-4F2A-B156-7FC2DAB39567}.Release|Any CPU.ActiveCfg = Release|Any CPU
		{5FA21008-0B11-4F2A-B156-7FC2DAB39567}.Release|Any CPU.Build.0 = Release|Any CPU
		{4F6785D5-A37B-47E5-AFF3-9AE537AC571A}.Debug|Any CPU.ActiveCfg = Debug|Any CPU
		{4F6785D5-A37B-47E5-AFF3-9AE537AC571A}.Debug|Any CPU.Build.0 = Debug|Any CPU
		{4F6785D5-A37B-47E5-AFF3-9AE537AC571A}.Release|Any CPU.ActiveCfg = Release|Any CPU
		{4F6785D5-A37B-47E5-AFF3-9AE537AC571A}.Release|Any CPU.Build.0 = Release|Any CPU
		{5E7BEB6B-CF2C-471D-BB8E-22BBB249A371}.Debug|Any CPU.ActiveCfg = Debug|Any CPU
		{5E7BEB6B-CF2C-471D-BB8E-22BBB249A371}.Debug|Any CPU.Build.0 = Debug|Any CPU
		{5E7BEB6B-CF2C-471D-BB8E-22BBB249A371}.Release|Any CPU.ActiveCfg = Release|Any CPU
		{5E7BEB6B-CF2C-471D-BB8E-22BBB249A371}.Release|Any CPU.Build.0 = Release|Any CPU
		{A883E6C0-AC64-4C4C-B92C-49D4EC986988}.Debug|Any CPU.ActiveCfg = Debug|Any CPU
		{A883E6C0-AC64-4C4C-B92C-49D4EC986988}.Debug|Any CPU.Build.0 = Debug|Any CPU
		{A883E6C0-AC64-4C4C-B92C-49D4EC986988}.Release|Any CPU.ActiveCfg = Release|Any CPU
		{A883E6C0-AC64-4C4C-B92C-49D4EC986988}.Release|Any CPU.Build.0 = Release|Any CPU
		{DAA43E3B-A402-4995-82D5-114A914E767B}.Debug|Any CPU.ActiveCfg = Debug|Any CPU
		{DAA43E3B-A402-4995-82D5-114A914E767B}.Debug|Any CPU.Build.0 = Debug|Any CPU
		{DAA43E3B-A402-4995-82D5-114A914E767B}.Release|Any CPU.ActiveCfg = Release|Any CPU
		{DAA43E3B-A402-4995-82D5-114A914E767B}.Release|Any CPU.Build.0 = Release|Any CPU
	EndGlobalSection
	GlobalSection(NestedProjects) = preSolution
		{1D0A35DB-2985-4F80-B8D6-D5AFA10F04A7} = {362DD0DB-E6AE-4A6A-B799-CA1CEF2C4919}
		{C53FFC94-F50D-4757-B71A-50981F99DC3B} = {362DD0DB-E6AE-4A6A-B799-CA1CEF2C4919}
		{2DA1BFA2-AF47-4E04-AEA8-1B3AA3E4D06A} = {C53FFC94-F50D-4757-B71A-50981F99DC3B}
		{F1238DE5-10E7-4848-BC1D-EBD6C96C9546} = {C53FFC94-F50D-4757-B71A-50981F99DC3B}
		{5FA21008-0B11-4F2A-B156-7FC2DAB39567} = {C53FFC94-F50D-4757-B71A-50981F99DC3B}
		{4F6785D5-A37B-47E5-AFF3-9AE537AC571A} = {C53FFC94-F50D-4757-B71A-50981F99DC3B}
		{5E7BEB6B-CF2C-471D-BB8E-22BBB249A371} = {C53FFC94-F50D-4757-B71A-50981F99DC3B}
		{A883E6C0-AC64-4C4C-B92C-49D4EC986988} = {C53FFC94-F50D-4757-B71A-50981F99DC3B}
		{DAA43E3B-A402-4995-82D5-114A914E767B} = {B72A7830-1ED4-4608-BEE9-C24404D5E10C}
	EndGlobalSection
EndGlobal
