
Microsoft Visual Studio Solution File, Format Version 12.00
Project("{FAE04EC0-301F-11D3-BF4B-00C04F79EFBC}") = "FinanceTracker.App", "src\FinanceTracker.App\FinanceTracker.App.csproj", "{1D0A35DB-2985-4F80-B8D6-D5AFA10F04A7}"
EndProject
Project("{2150E333-8FDC-42A3-9474-1A3956D46DE8}") = "src", "src", "{362DD0DB-E6AE-4A6A-B799-CA1CEF2C4919}"
EndProject
Project("{2150E333-8FDC-42A3-9474-1A3956D46DE8}") = "Modules", "Modules", "{C53FFC94-F50D-4757-B71A-50981F99DC3B}"
EndProject
Project("{2150E333-8FDC-42A3-9474-1A3956D46DE8}") = "tests", "tests", "{B72A7830-1ED4-4608-BEE9-C24404D5E10C}"
EndProject
Project("{FAE04EC0-301F-11D3-BF4B-00C04F79EFBC}") = "FinanceTracker.App.Tests", "tests\FinanceTracker.App.Tests\FinanceTracker.App.Tests.csproj", "{DAA43E3B-A402-4995-82D5-114A914E767B}"
EndProject
Project("{2150E333-8FDC-42A3-9474-1A3956D46DE8}") = "Auth", "Auth", "{B4FD8193-C1A9-46B9-823D-EEABBEFC339B}"
EndProject
Project("{2150E333-8FDC-42A3-9474-1A3956D46DE8}") = "Accounts", "Accounts", "{6EE12913-4E33-4719-A0A8-DC273DD2B299}"
EndProject
Project("{2150E333-8FDC-42A3-9474-1A3956D46DE8}") = "Catalogs", "Catalogs", "{75D9218F-CDF3-4629-A934-6337FB7AF0EB}"
EndProject
Project("{2150E333-8FDC-42A3-9474-1A3956D46DE8}") = "Transactions", "Transactions", "{28A0760A-277E-4323-9234-33DF35FF3B8F}"
EndProject
Project("{2150E333-8FDC-42A3-9474-1A3956D46DE8}") = "Users", "Users", "{8DCDE1D2-287A-46AA-BDB6-B472A0D72AB0}"
EndProject
Project("{FAE04EC0-301F-11D3-BF4B-00C04F79EFBC}") = "FinanceTracker.App.Accounts.Domain", "src\Modules\Accounts\FinanceTracker.App.Accounts.Domain\FinanceTracker.App.Accounts.Domain.csproj", "{0183CEB5-C385-4F54-8532-0896C4D170B3}"
EndProject
Project("{FAE04EC0-301F-11D3-BF4B-00C04F79EFBC}") = "FinanceTracker.App.Auth.Domain", "src\Modules\Auth\FinanceTracker.App.Auth.Domain\FinanceTracker.App.Auth.Domain.csproj", "{BAC646F0-B459-4917-8BEE-6E5C05EB6A80}"
EndProject
Project("{FAE04EC0-301F-11D3-BF4B-00C04F79EFBC}") = "FinanceTracker.App.Catalogs.Domain", "src\Modules\Catalogs\FinanceTracker.App.Catalogs.Domain\FinanceTracker.App.Catalogs.Domain.csproj", "{CEAC29CC-364F-4B3A-A269-9F6658309C61}"
EndProject
Project("{FAE04EC0-301F-11D3-BF4B-00C04F79EFBC}") = "FinanceTracker.App.Transactions.Domain", "src\Modules\Transactions\FinanceTracker.App.Transactions.Domain\FinanceTracker.App.Transactions.Domain.csproj", "{4BCAB71B-C162-4F8F-8BF8-4D902BFE1108}"
EndProject
Project("{FAE04EC0-301F-11D3-BF4B-00C04F79EFBC}") = "FinanceTracker.App.Users.Domain", "src\Modules\Users\FinanceTracker.App.Users.Domain\FinanceTracker.App.Users.Domain.csproj", "{A34F74EB-B474-4C78-8FFC-6A7D34B567A9}"
EndProject
Project("{2150E333-8FDC-42A3-9474-1A3956D46DE8}") = "Solution Items", "Solution Items", "{22778BEA-E1CA-4690-AA39-F8D255CAE651}"
	ProjectSection(SolutionItems) = preProject
		Directory.Build.props = Directory.Build.props
		.editorconfig = .editorconfig
		Directory.Packages.props = Directory.Packages.props
	EndProjectSection
EndProject
Project("{2150E333-8FDC-42A3-9474-1A3956D46DE8}") = "SharedKernel", "SharedKernel", "{24EBBBCC-69B8-4694-8A6B-1A34A4C5648F}"
EndProject
Project("{FAE04EC0-301F-11D3-BF4B-00C04F79EFBC}") = "FinanceTracker.App.ShareKernel.Domain", "src\SharedKernel\FinanceTracker.App.ShareKernel.Domain\FinanceTracker.App.ShareKernel.Domain.csproj", "{E80BCDEF-D76D-4C6A-AC46-620124D1A171}"
EndProject
Project("{FAE04EC0-301F-11D3-BF4B-00C04F79EFBC}") = "FinanceTracker.App.ShareKernel.Application", "src\SharedKernel\FinanceTracker.App.ShareKernel.Application\FinanceTracker.App.ShareKernel.Application.csproj", "{0C5CD8B2-AF74-4985-9FAB-0446776E83EB}"
EndProject
Global
	GlobalSection(SolutionConfigurationPlatforms) = preSolution
		Debug|Any CPU = Debug|Any CPU
		Release|Any CPU = Release|Any CPU
	EndGlobalSection
	GlobalSection(ProjectConfigurationPlatforms) = postSolution
		{1D0A35DB-2985-4F80-B8D6-D5AFA10F04A7}.Debug|Any CPU.ActiveCfg = Debug|Any CPU
		{1D0A35DB-2985-4F80-B8D6-D5AFA10F04A7}.Debug|Any CPU.Build.0 = Debug|Any CPU
		{1D0A35DB-2985-4F80-B8D6-D5AFA10F04A7}.Release|Any CPU.ActiveCfg = Release|Any CPU
		{1D0A35DB-2985-4F80-B8D6-D5AFA10F04A7}.Release|Any CPU.Build.0 = Release|Any CPU
		{DAA43E3B-A402-4995-82D5-114A914E767B}.Debug|Any CPU.ActiveCfg = Debug|Any CPU
		{DAA43E3B-A402-4995-82D5-114A914E767B}.Debug|Any CPU.Build.0 = Debug|Any CPU
		{DAA43E3B-A402-4995-82D5-114A914E767B}.Release|Any CPU.ActiveCfg = Release|Any CPU
		{DAA43E3B-A402-4995-82D5-114A914E767B}.Release|Any CPU.Build.0 = Release|Any CPU
		{0183CEB5-C385-4F54-8532-0896C4D170B3}.Debug|Any CPU.ActiveCfg = Debug|Any CPU
		{0183CEB5-C385-4F54-8532-0896C4D170B3}.Debug|Any CPU.Build.0 = Debug|Any CPU
		{0183CEB5-C385-4F54-8532-0896C4D170B3}.Release|Any CPU.ActiveCfg = Release|Any CPU
		{0183CEB5-C385-4F54-8532-0896C4D170B3}.Release|Any CPU.Build.0 = Release|Any CPU
		{BAC646F0-B459-4917-8BEE-6E5C05EB6A80}.Debug|Any CPU.ActiveCfg = Debug|Any CPU
		{BAC646F0-B459-4917-8BEE-6E5C05EB6A80}.Debug|Any CPU.Build.0 = Debug|Any CPU
		{BAC646F0-B459-4917-8BEE-6E5C05EB6A80}.Release|Any CPU.ActiveCfg = Release|Any CPU
		{BAC646F0-B459-4917-8BEE-6E5C05EB6A80}.Release|Any CPU.Build.0 = Release|Any CPU
		{CEAC29CC-364F-4B3A-A269-9F6658309C61}.Debug|Any CPU.ActiveCfg = Debug|Any CPU
		{CEAC29CC-364F-4B3A-A269-9F6658309C61}.Debug|Any CPU.Build.0 = Debug|Any CPU
		{CEAC29CC-364F-4B3A-A269-9F6658309C61}.Release|Any CPU.ActiveCfg = Release|Any CPU
		{CEAC29CC-364F-4B3A-A269-9F6658309C61}.Release|Any CPU.Build.0 = Release|Any CPU
		{4BCAB71B-C162-4F8F-8BF8-4D902BFE1108}.Debug|Any CPU.ActiveCfg = Debug|Any CPU
		{4BCAB71B-C162-4F8F-8BF8-4D902BFE1108}.Debug|Any CPU.Build.0 = Debug|Any CPU
		{4BCAB71B-C162-4F8F-8BF8-4D902BFE1108}.Release|Any CPU.ActiveCfg = Release|Any CPU
		{4BCAB71B-C162-4F8F-8BF8-4D902BFE1108}.Release|Any CPU.Build.0 = Release|Any CPU
		{A34F74EB-B474-4C78-8FFC-6A7D34B567A9}.Debug|Any CPU.ActiveCfg = Debug|Any CPU
		{A34F74EB-B474-4C78-8FFC-6A7D34B567A9}.Debug|Any CPU.Build.0 = Debug|Any CPU
		{A34F74EB-B474-4C78-8FFC-6A7D34B567A9}.Release|Any CPU.ActiveCfg = Release|Any CPU
		{A34F74EB-B474-4C78-8FFC-6A7D34B567A9}.Release|Any CPU.Build.0 = Release|Any CPU
		{E80BCDEF-D76D-4C6A-AC46-620124D1A171}.Debug|Any CPU.ActiveCfg = Debug|Any CPU
		{E80BCDEF-D76D-4C6A-AC46-620124D1A171}.Debug|Any CPU.Build.0 = Debug|Any CPU
		{E80BCDEF-D76D-4C6A-AC46-620124D1A171}.Release|Any CPU.ActiveCfg = Release|Any CPU
		{E80BCDEF-D76D-4C6A-AC46-620124D1A171}.Release|Any CPU.Build.0 = Release|Any CPU
		{0C5CD8B2-AF74-4985-9FAB-0446776E83EB}.Debug|Any CPU.ActiveCfg = Debug|Any CPU
		{0C5CD8B2-AF74-4985-9FAB-0446776E83EB}.Debug|Any CPU.Build.0 = Debug|Any CPU
		{0C5CD8B2-AF74-4985-9FAB-0446776E83EB}.Release|Any CPU.ActiveCfg = Release|Any CPU
		{0C5CD8B2-AF74-4985-9FAB-0446776E83EB}.Release|Any CPU.Build.0 = Release|Any CPU
	EndGlobalSection
	GlobalSection(NestedProjects) = preSolution
		{1D0A35DB-2985-4F80-B8D6-D5AFA10F04A7} = {362DD0DB-E6AE-4A6A-B799-CA1CEF2C4919}
		{C53FFC94-F50D-4757-B71A-50981F99DC3B} = {362DD0DB-E6AE-4A6A-B799-CA1CEF2C4919}
		{DAA43E3B-A402-4995-82D5-114A914E767B} = {B72A7830-1ED4-4608-BEE9-C24404D5E10C}
		{B4FD8193-C1A9-46B9-823D-EEABBEFC339B} = {C53FFC94-F50D-4757-B71A-50981F99DC3B}
		{6EE12913-4E33-4719-A0A8-DC273DD2B299} = {C53FFC94-F50D-4757-B71A-50981F99DC3B}
		{75D9218F-CDF3-4629-A934-6337FB7AF0EB} = {C53FFC94-F50D-4757-B71A-50981F99DC3B}
		{28A0760A-277E-4323-9234-33DF35FF3B8F} = {C53FFC94-F50D-4757-B71A-50981F99DC3B}
		{8DCDE1D2-287A-46AA-BDB6-B472A0D72AB0} = {C53FFC94-F50D-4757-B71A-50981F99DC3B}
		{0183CEB5-C385-4F54-8532-0896C4D170B3} = {6EE12913-4E33-4719-A0A8-DC273DD2B299}
		{BAC646F0-B459-4917-8BEE-6E5C05EB6A80} = {B4FD8193-C1A9-46B9-823D-EEABBEFC339B}
		{CEAC29CC-364F-4B3A-A269-9F6658309C61} = {75D9218F-CDF3-4629-A934-6337FB7AF0EB}
		{4BCAB71B-C162-4F8F-8BF8-4D902BFE1108} = {28A0760A-277E-4323-9234-33DF35FF3B8F}
		{A34F74EB-B474-4C78-8FFC-6A7D34B567A9} = {8DCDE1D2-287A-46AA-BDB6-B472A0D72AB0}
		{24EBBBCC-69B8-4694-8A6B-1A34A4C5648F} = {362DD0DB-E6AE-4A6A-B799-CA1CEF2C4919}
		{E80BCDEF-D76D-4C6A-AC46-620124D1A171} = {24EBBBCC-69B8-4694-8A6B-1A34A4C5648F}
		{0C5CD8B2-AF74-4985-9FAB-0446776E83EB} = {24EBBBCC-69B8-4694-8A6B-1A34A4C5648F}
	EndGlobalSection
EndGlobal
